
Microsoft Visual Studio Solution File, Format Version 12.00
# Visual Studio Version 16
VisualStudioVersion = 25.0.1700.0
MinimumVisualStudioVersion = 10.0.40219.1
Project("{FAE04EC0-301F-11D3-BF4B-00C04F79EFBC}") = "100DaysAPI", "100DaysAPI\100DaysAPI.csproj", "{924F1FB2-2BA0-427A-8402-29811165F1BC}"
EndProject
Global
	GlobalSection(SolutionConfigurationPlatforms) = preSolution
		Debug|Any CPU = Debug|Any CPU
		Release|Any CPU = Release|Any CPU
	EndGlobalSection
	GlobalSection(ProjectConfigurationPlatforms) = postSolution
		{924F1FB2-2BA0-427A-8402-29811165F1BC}.Debug|Any CPU.ActiveCfg = Debug|Any CPU
		{924F1FB2-2BA0-427A-8402-29811165F1BC}.Debug|Any CPU.Build.0 = Debug|Any CPU
		{924F1FB2-2BA0-427A-8402-29811165F1BC}.Release|Any CPU.ActiveCfg = Release|Any CPU
		{924F1FB2-2BA0-427A-8402-29811165F1BC}.Release|Any CPU.Build.0 = Release|Any CPU
	EndGlobalSection
	GlobalSection(SolutionProperties) = preSolution
		HideSolutionNode = FALSE
	EndGlobalSection
	GlobalSection(ExtensibilityGlobals) = postSolution
		SolutionGuid = {32B51690-3414-4D95-9EB4-3D28A5A616C9}
	EndGlobalSection
EndGlobal
