
Microsoft Visual Studio Solution File, Format Version 12.00
# Visual Studio Version 16
VisualStudioVersion = 25.0.1700.0
MinimumVisualStudioVersion = 10.0.40219.1
Project("{FAE04EC0-301F-11D3-BF4B-00C04F79EFBC}") = "100DaysAPI", "100DaysAPI.csproj", "{9F8613B8-0AAC-42A3-A600-C842FAAC375D}"
EndProject
Global
	GlobalSection(SolutionConfigurationPlatforms) = preSolution
		Debug|Any CPU = Debug|Any CPU
		Release|Any CPU = Release|Any CPU
	EndGlobalSection
	GlobalSection(ProjectConfigurationPlatforms) = postSolution
		{9F8613B8-0AAC-42A3-A600-C842FAAC375D}.Debug|Any CPU.ActiveCfg = Debug|Any CPU
		{9F8613B8-0AAC-42A3-A600-C842FAAC375D}.Debug|Any CPU.Build.0 = Debug|Any CPU
		{9F8613B8-0AAC-42A3-A600-C842FAAC375D}.Release|Any CPU.ActiveCfg = Release|Any CPU
		{9F8613B8-0AAC-42A3-A600-C842FAAC375D}.Release|Any CPU.Build.0 = Release|Any CPU
	EndGlobalSection
	GlobalSection(SolutionProperties) = preSolution
		HideSolutionNode = FALSE
	EndGlobalSection
	GlobalSection(ExtensibilityGlobals) = postSolution
		SolutionGuid = {4CBB358F-7919-4D59-81EB-CEB5EC224995}
	EndGlobalSection
EndGlobal
