
Microsoft Visual Studio Solution File, Format Version 12.00
# Visual Studio Version 16
VisualStudioVersion = 25.0.1700.0
MinimumVisualStudioVersion = 10.0.40219.1
Project("{FAE04EC0-301F-11D3-BF4B-00C04F79EFBC}") = "XamarinForms.iOS", "XamarinForms\XamarinForms.iOS\XamarinForms.iOS.csproj", "{E7BBB3C4-47C9-446B-82A4-85194970B335}"
EndProject
Project("{FAE04EC0-301F-11D3-BF4B-00C04F79EFBC}") = "XamarinForms", "XamarinForms\XamarinForms\XamarinForms.csproj", "{8814CFF5-03A9-4D72-9754-2DAE21871854}"
EndProject
Global
	GlobalSection(SolutionConfigurationPlatforms) = preSolution
		Debug|iPhoneSimulator = Debug|iPhoneSimulator
		Release|iPhoneSimulator = Release|iPhoneSimulator
		Debug|iPhone = Debug|iPhone
		Release|iPhone = Release|iPhone
		Debug|Any CPU = Debug|Any CPU
		Release|Any CPU = Release|Any CPU
	EndGlobalSection
	GlobalSection(ProjectConfigurationPlatforms) = postSolution
		{E7BBB3C4-47C9-446B-82A4-85194970B335}.Debug|iPhoneSimulator.ActiveCfg = Debug|iPhoneSimulator
		{E7BBB3C4-47C9-446B-82A4-85194970B335}.Debug|iPhoneSimulator.Build.0 = Debug|iPhoneSimulator
		{E7BBB3C4-47C9-446B-82A4-85194970B335}.Release|iPhoneSimulator.ActiveCfg = Release|iPhoneSimulator
		{E7BBB3C4-47C9-446B-82A4-85194970B335}.Release|iPhoneSimulator.Build.0 = Release|iPhoneSimulator
		{E7BBB3C4-47C9-446B-82A4-85194970B335}.Debug|iPhone.ActiveCfg = Debug|iPhone
		{E7BBB3C4-47C9-446B-82A4-85194970B335}.Debug|iPhone.Build.0 = Debug|iPhone
		{E7BBB3C4-47C9-446B-82A4-85194970B335}.Release|iPhone.ActiveCfg = Release|iPhone
		{E7BBB3C4-47C9-446B-82A4-85194970B335}.Release|iPhone.Build.0 = Release|iPhone
		{E7BBB3C4-47C9-446B-82A4-85194970B335}.Debug|Any CPU.ActiveCfg = Debug|iPhoneSimulator
		{E7BBB3C4-47C9-446B-82A4-85194970B335}.Debug|Any CPU.Build.0 = Debug|iPhoneSimulator
		{E7BBB3C4-47C9-446B-82A4-85194970B335}.Release|Any CPU.ActiveCfg = Release|iPhoneSimulator
		{E7BBB3C4-47C9-446B-82A4-85194970B335}.Release|Any CPU.Build.0 = Release|iPhoneSimulator
		{8814CFF5-03A9-4D72-9754-2DAE21871854}.Debug|iPhoneSimulator.ActiveCfg = Debug|Any CPU
		{8814CFF5-03A9-4D72-9754-2DAE21871854}.Debug|iPhoneSimulator.Build.0 = Debug|Any CPU
		{8814CFF5-03A9-4D72-9754-2DAE21871854}.Release|iPhoneSimulator.ActiveCfg = Release|Any CPU
		{8814CFF5-03A9-4D72-9754-2DAE21871854}.Release|iPhoneSimulator.Build.0 = Release|Any CPU
		{8814CFF5-03A9-4D72-9754-2DAE21871854}.Debug|iPhone.ActiveCfg = Debug|Any CPU
		{8814CFF5-03A9-4D72-9754-2DAE21871854}.Debug|iPhone.Build.0 = Debug|Any CPU
		{8814CFF5-03A9-4D72-9754-2DAE21871854}.Release|iPhone.ActiveCfg = Release|Any CPU
		{8814CFF5-03A9-4D72-9754-2DAE21871854}.Release|iPhone.Build.0 = Release|Any CPU
		{8814CFF5-03A9-4D72-9754-2DAE21871854}.Debug|Any CPU.ActiveCfg = Debug|Any CPU
		{8814CFF5-03A9-4D72-9754-2DAE21871854}.Debug|Any CPU.Build.0 = Debug|Any CPU
		{8814CFF5-03A9-4D72-9754-2DAE21871854}.Release|Any CPU.ActiveCfg = Release|Any CPU
		{8814CFF5-03A9-4D72-9754-2DAE21871854}.Release|Any CPU.Build.0 = Release|Any CPU
	EndGlobalSection
	GlobalSection(SolutionProperties) = preSolution
		HideSolutionNode = FALSE
	EndGlobalSection
	GlobalSection(ExtensibilityGlobals) = postSolution
		SolutionGuid = {313B46F2-FC90-47B3-8CA4-C2D69E285C9A}
	EndGlobalSection
EndGlobal
